// !$*UTF8*$!
{
	archiveVersion = 1;
	classes = {
	};
	objectVersion = 46;
	objects = {

/* Begin PBXBuildFile section */
		2A82428419EE8D52003E9206 /* AppDelegate.m in Sources */ = {isa = PBXBuildFile; fileRef = 2A82428319EE8D52003E9206 /* AppDelegate.m */; };
		2A82428619EE8D52003E9206 /* main.m in Sources */ = {isa = PBXBuildFile; fileRef = 2A82428519EE8D52003E9206 /* main.m */; };
		2A82428819EE8D52003E9206 /* Images.xcassets in Resources */ = {isa = PBXBuildFile; fileRef = 2A82428719EE8D52003E9206 /* Images.xcassets */; };
		2A82428B19EE8D52003E9206 /* MainMenu.xib in Resources */ = {isa = PBXBuildFile; fileRef = 2A82428919EE8D52003E9206 /* MainMenu.xib */; };
		2A82429719EE8D52003E9206 /* CompletionTests.m in Sources */ = {isa = PBXBuildFile; fileRef = 2A82429619EE8D52003E9206 /* CompletionTests.m */; };
/* End PBXBuildFile section */

/* Begin PBXContainerItemProxy section */
		2A82429119EE8D52003E9206 /* PBXContainerItemProxy */ = {
			isa = PBXContainerItemProxy;
			containerPortal = 2A82427519EE8D52003E9206 /* Project object */;
			proxyType = 1;
			remoteGlobalIDString = 2A82427C19EE8D52003E9206;
			remoteInfo = Completion;
		};
/* End PBXContainerItemProxy section */

/* Begin PBXFileReference section */
		2A82427D19EE8D52003E9206 /* Completion.app */ = {isa = PBXFileReference; explicitFileType = wrapper.application; includeInIndex = 0; path = Completion.app; sourceTree = BUILT_PRODUCTS_DIR; };
		2A82428119EE8D52003E9206 /* Info.plist */ = {isa = PBXFileReference; lastKnownFileType = text.plist.xml; path = Info.plist; sourceTree = "<group>"; };
		2A82428219EE8D52003E9206 /* AppDelegate.h */ = {isa = PBXFileReference; lastKnownFileType = sourcecode.c.h; path = AppDelegate.h; sourceTree = "<group>"; };
		2A82428319EE8D52003E9206 /* AppDelegate.m */ = {isa = PBXFileReference; lastKnownFileType = sourcecode.c.objc; path = AppDelegate.m; sourceTree = "<group>"; };
		2A82428519EE8D52003E9206 /* main.m */ = {isa = PBXFileReference; lastKnownFileType = sourcecode.c.objc; path = main.m; sourceTree = "<group>"; };
		2A82428719EE8D52003E9206 /* Images.xcassets */ = {isa = PBXFileReference; lastKnownFileType = folder.assetcatalog; path = Images.xcassets; sourceTree = "<group>"; };
		2A82428A19EE8D52003E9206 /* Base */ = {isa = PBXFileReference; lastKnownFileType = file.xib; name = Base; path = Base.lproj/MainMenu.xib; sourceTree = "<group>"; };
		2A82429019EE8D52003E9206 /* CompletionTests.xctest */ = {isa = PBXFileReference; explicitFileType = wrapper.cfbundle; includeInIndex = 0; path = CompletionTests.xctest; sourceTree = BUILT_PRODUCTS_DIR; };
		2A82429519EE8D52003E9206 /* Info.plist */ = {isa = PBXFileReference; lastKnownFileType = text.plist.xml; path = Info.plist; sourceTree = "<group>"; };
		2A82429619EE8D52003E9206 /* CompletionTests.m */ = {isa = PBXFileReference; lastKnownFileType = sourcecode.c.objc; path = CompletionTests.m; sourceTree = "<group>"; };
/* End PBXFileReference section */

/* Begin PBXFrameworksBuildPhase section */
		2A82427A19EE8D52003E9206 /* Frameworks */ = {
			isa = PBXFrameworksBuildPhase;
			buildActionMask = 2147483647;
			files = (
			);
			runOnlyForDeploymentPostprocessing = 0;
		};
		2A82428D19EE8D52003E9206 /* Frameworks */ = {
			isa = PBXFrameworksBuildPhase;
			buildActionMask = 2147483647;
			files = (
			);
			runOnlyForDeploymentPostprocessing = 0;
		};
/* End PBXFrameworksBuildPhase section */

/* Begin PBXGroup section */
		2A82427419EE8D52003E9206 = {
			isa = PBXGroup;
			children = (
				2A82427F19EE8D52003E9206 /* Completion */,
				2A82429319EE8D52003E9206 /* CompletionTests */,
				2A82427E19EE8D52003E9206 /* Products */,
			);
			sourceTree = "<group>";
		};
		2A82427E19EE8D52003E9206 /* Products */ = {
			isa = PBXGroup;
			children = (
				2A82427D19EE8D52003E9206 /* Completion.app */,
				2A82429019EE8D52003E9206 /* CompletionTests.xctest */,
			);
			name = Products;
			sourceTree = "<group>";
		};
		2A82427F19EE8D52003E9206 /* Completion */ = {
			isa = PBXGroup;
			children = (
				2A82428219EE8D52003E9206 /* AppDelegate.h */,
				2A82428319EE8D52003E9206 /* AppDelegate.m */,
				2A82428719EE8D52003E9206 /* Images.xcassets */,
				2A82428919EE8D52003E9206 /* MainMenu.xib */,
				2A82428019EE8D52003E9206 /* Supporting Files */,
			);
			path = Completion;
			sourceTree = "<group>";
		};
		2A82428019EE8D52003E9206 /* Supporting Files */ = {
			isa = PBXGroup;
			children = (
				2A82428119EE8D52003E9206 /* Info.plist */,
				2A82428519EE8D52003E9206 /* main.m */,
			);
			name = "Supporting Files";
			sourceTree = "<group>";
		};
		2A82429319EE8D52003E9206 /* CompletionTests */ = {
			isa = PBXGroup;
			children = (
				2A82429619EE8D52003E9206 /* CompletionTests.m */,
				2A82429419EE8D52003E9206 /* Supporting Files */,
			);
			path = CompletionTests;
			sourceTree = "<group>";
		};
		2A82429419EE8D52003E9206 /* Supporting Files */ = {
			isa = PBXGroup;
			children = (
				2A82429519EE8D52003E9206 /* Info.plist */,
			);
			name = "Supporting Files";
			sourceTree = "<group>";
		};
/* End PBXGroup section */

/* Begin PBXNativeTarget section */
		2A82427C19EE8D52003E9206 /* Completion */ = {
			isa = PBXNativeTarget;
			buildConfigurationList = 2A82429A19EE8D52003E9206 /* Build configuration list for PBXNativeTarget "Completion" */;
			buildPhases = (
				2A82427919EE8D52003E9206 /* Sources */,
				2A82427A19EE8D52003E9206 /* Frameworks */,
				2A82427B19EE8D52003E9206 /* Resources */,
			);
			buildRules = (
			);
			dependencies = (
			);
			name = Completion;
			productName = Completion;
			productReference = 2A82427D19EE8D52003E9206 /* Completion.app */;
			productType = "com.apple.product-type.application";
		};
		2A82428F19EE8D52003E9206 /* CompletionTests */ = {
			isa = PBXNativeTarget;
			buildConfigurationList = 2A82429D19EE8D52003E9206 /* Build configuration list for PBXNativeTarget "CompletionTests" */;
			buildPhases = (
				2A82428C19EE8D52003E9206 /* Sources */,
				2A82428D19EE8D52003E9206 /* Frameworks */,
				2A82428E19EE8D52003E9206 /* Resources */,
			);
			buildRules = (
			);
			dependencies = (
				2A82429219EE8D52003E9206 /* PBXTargetDependency */,
			);
			name = CompletionTests;
			productName = CompletionTests;
			productReference = 2A82429019EE8D52003E9206 /* CompletionTests.xctest */;
			productType = "com.apple.product-type.bundle.unit-test";
		};
/* End PBXNativeTarget section */

/* Begin PBXProject section */
		2A82427519EE8D52003E9206 /* Project object */ = {
			isa = PBXProject;
			attributes = {
				LastUpgradeCheck = 0610;
				ORGANIZATIONNAME = "Andrey M";
				TargetAttributes = {
					2A82427C19EE8D52003E9206 = {
						CreatedOnToolsVersion = 6.1;
					};
					2A82428F19EE8D52003E9206 = {
						CreatedOnToolsVersion = 6.1;
						TestTargetID = 2A82427C19EE8D52003E9206;
					};
				};
			};
			buildConfigurationList = 2A82427819EE8D52003E9206 /* Build configuration list for PBXProject "Completion" */;
			compatibilityVersion = "Xcode 3.2";
			developmentRegion = English;
			hasScannedForEncodings = 0;
			knownRegions = (
				en,
				Base,
			);
			mainGroup = 2A82427419EE8D52003E9206;
			productRefGroup = 2A82427E19EE8D52003E9206 /* Products */;
			projectDirPath = "";
			projectRoot = "";
			targets = (
				2A82427C19EE8D52003E9206 /* Completion */,
				2A82428F19EE8D52003E9206 /* CompletionTests */,
			);
		};
/* End PBXProject section */

/* Begin PBXResourcesBuildPhase section */
		2A82427B19EE8D52003E9206 /* Resources */ = {
			isa = PBXResourcesBuildPhase;
			buildActionMask = 2147483647;
			files = (
				2A82428819EE8D52003E9206 /* Images.xcassets in Resources */,
				2A82428B19EE8D52003E9206 /* MainMenu.xib in Resources */,
			);
			runOnlyForDeploymentPostprocessing = 0;
		};
		2A82428E19EE8D52003E9206 /* Resources */ = {
			isa = PBXResourcesBuildPhase;
			buildActionMask = 2147483647;
			files = (
			);
			runOnlyForDeploymentPostprocessing = 0;
		};
/* End PBXResourcesBuildPhase section */

/* Begin PBXSourcesBuildPhase section */
		2A82427919EE8D52003E9206 /* Sources */ = {
			isa = PBXSourcesBuildPhase;
			buildActionMask = 2147483647;
			files = (
				2A82428619EE8D52003E9206 /* main.m in Sources */,
				2A82428419EE8D52003E9206 /* AppDelegate.m in Sources */,
			);
			runOnlyForDeploymentPostprocessing = 0;
		};
		2A82428C19EE8D52003E9206 /* Sources */ = {
			isa = PBXSourcesBuildPhase;
			buildActionMask = 2147483647;
			files = (
				2A82429719EE8D52003E9206 /* CompletionTests.m in Sources */,
			);
			runOnlyForDeploymentPostprocessing = 0;
		};
/* End PBXSourcesBuildPhase section */

/* Begin PBXTargetDependency section */
		2A82429219EE8D52003E9206 /* PBXTargetDependency */ = {
			isa = PBXTargetDependency;
			target = 2A82427C19EE8D52003E9206 /* Completion */;
			targetProxy = 2A82429119EE8D52003E9206 /* PBXContainerItemProxy */;
		};
/* End PBXTargetDependency section */

/* Begin PBXVariantGroup section */
		2A82428919EE8D52003E9206 /* MainMenu.xib */ = {
			isa = PBXVariantGroup;
			children = (
				2A82428A19EE8D52003E9206 /* Base */,
			);
			name = MainMenu.xib;
			sourceTree = "<group>";
		};
/* End PBXVariantGroup section */

/* Begin XCBuildConfiguration section */
		2A82429819EE8D52003E9206 /* Debug */ = {
			isa = XCBuildConfiguration;
			buildSettings = {
				ALWAYS_SEARCH_USER_PATHS = NO;
				CLANG_CXX_LANGUAGE_STANDARD = "gnu++0x";
				CLANG_CXX_LIBRARY = "libc++";
				CLANG_ENABLE_MODULES = YES;
				CLANG_ENABLE_OBJC_ARC = YES;
				CLANG_WARN_BOOL_CONVERSION = YES;
				CLANG_WARN_CONSTANT_CONVERSION = YES;
				CLANG_WARN_DIRECT_OBJC_ISA_USAGE = YES_ERROR;
				CLANG_WARN_EMPTY_BODY = YES;
				CLANG_WARN_ENUM_CONVERSION = YES;
				CLANG_WARN_INT_CONVERSION = YES;
				CLANG_WARN_OBJC_ROOT_CLASS = YES_ERROR;
				CLANG_WARN_UNREACHABLE_CODE = YES;
				CLANG_WARN__DUPLICATE_METHOD_MATCH = YES;
				CODE_SIGN_IDENTITY = "-";
				COPY_PHASE_STRIP = NO;
				ENABLE_STRICT_OBJC_MSGSEND = YES;
				GCC_C_LANGUAGE_STANDARD = gnu99;
				GCC_DYNAMIC_NO_PIC = NO;
				GCC_OPTIMIZATION_LEVEL = 0;
				GCC_PREPROCESSOR_DEFINITIONS = (
					"DEBUG=1",
					"$(inherited)",
				);
				GCC_SYMBOLS_PRIVATE_EXTERN = NO;
				GCC_WARN_64_TO_32_BIT_CONVERSION = YES;
				GCC_WARN_ABOUT_RETURN_TYPE = YES_ERROR;
				GCC_WARN_UNDECLARED_SELECTOR = YES;
				GCC_WARN_UNINITIALIZED_AUTOS = YES_AGGRESSIVE;
				GCC_WARN_UNUSED_FUNCTION = YES;
				GCC_WARN_UNUSED_VARIABLE = YES;
				MACOSX_DEPLOYMENT_TARGET = 10.10;
				MTL_ENABLE_DEBUG_INFO = YES;
				ONLY_ACTIVE_ARCH = YES;
				SDKROOT = macosx;
			};
			name = Debug;
		};
		2A82429919EE8D52003E9206 /* Release */ = {
			isa = XCBuildConfiguration;
			buildSettings = {
				ALWAYS_SEARCH_USER_PATHS = NO;
				CLANG_CXX_LANGUAGE_STANDARD = "gnu++0x";
				CLANG_CXX_LIBRARY = "libc++";
				CLANG_ENABLE_MODULES = YES;
				CLANG_ENABLE_OBJC_ARC = YES;
				CLANG_WARN_BOOL_CONVERSION = YES;
				CLANG_WARN_CONSTANT_CONVERSION = YES;
				CLANG_WARN_DIRECT_OBJC_ISA_USAGE = YES_ERROR;
				CLANG_WARN_EMPTY_BODY = YES;
				CLANG_WARN_ENUM_CONVERSION = YES;
				CLANG_WARN_INT_CONVERSION = YES;
				CLANG_WARN_OBJC_ROOT_CLASS = YES_ERROR;
				CLANG_WARN_UNREACHABLE_CODE = YES;
				CLANG_WARN__DUPLICATE_METHOD_MATCH = YES;
				CODE_SIGN_IDENTITY = "-";
				COPY_PHASE_STRIP = YES;
				DEBUG_INFORMATION_FORMAT = "dwarf-with-dsym";
				ENABLE_NS_ASSERTIONS = NO;
				ENABLE_STRICT_OBJC_MSGSEND = YES;
				GCC_C_LANGUAGE_STANDARD = gnu99;
				GCC_WARN_64_TO_32_BIT_CONVERSION = YES;
				GCC_WARN_ABOUT_RETURN_TYPE = YES_ERROR;
				GCC_WARN_UNDECLARED_SELECTOR = YES;
				GCC_WARN_UNINITIALIZED_AUTOS = YES_AGGRESSIVE;
				GCC_WARN_UNUSED_FUNCTION = YES;
				GCC_WARN_UNUSED_VARIABLE = YES;
				MACOSX_DEPLOYMENT_TARGET = 10.10;
				MTL_ENABLE_DEBUG_INFO = NO;
				SDKROOT = macosx;
			};
			name = Release;
		};
		2A82429B19EE8D52003E9206 /* Debug */ = {
			isa = XCBuildConfiguration;
			buildSettings = {
				ASSETCATALOG_COMPILER_APPICON_NAME = AppIcon;
				COMBINE_HIDPI_IMAGES = YES;
				INFOPLIST_FILE = Completion/Info.plist;
				LD_RUNPATH_SEARCH_PATHS = "$(inherited) @executable_path/../Frameworks";
				PRODUCT_NAME = "$(TARGET_NAME)";
			};
			name = Debug;
		};
		2A82429C19EE8D52003E9206 /* Release */ = {
			isa = XCBuildConfiguration;
			buildSettings = {
				ASSETCATALOG_COMPILER_APPICON_NAME = AppIcon;
				COMBINE_HIDPI_IMAGES = YES;
				INFOPLIST_FILE = Completion/Info.plist;
				LD_RUNPATH_SEARCH_PATHS = "$(inherited) @executable_path/../Frameworks";
				PRODUCT_NAME = "$(TARGET_NAME)";
			};
			name = Release;
		};
		2A82429E19EE8D52003E9206 /* Debug */ = {
			isa = XCBuildConfiguration;
			buildSettings = {
				BUNDLE_LOADER = "$(TEST_HOST)";
				COMBINE_HIDPI_IMAGES = YES;
				FRAMEWORK_SEARCH_PATHS = (
					"$(DEVELOPER_FRAMEWORKS_DIR)",
					"$(inherited)",
				);
				GCC_PREPROCESSOR_DEFINITIONS = (
					"DEBUG=1",
					"$(inherited)",
				);
				INFOPLIST_FILE = CompletionTests/Info.plist;
				LD_RUNPATH_SEARCH_PATHS = "$(inherited) @executable_path/../Frameworks @loader_path/../Frameworks";
				PRODUCT_NAME = "$(TARGET_NAME)";
				TEST_HOST = "$(BUILT_PRODUCTS_DIR)/Completion.app/Contents/MacOS/Completion";
			};
			name = Debug;
		};
		2A82429F19EE8D52003E9206 /* Release */ = {
			isa = XCBuildConfiguration;
			buildSettings = {
				BUNDLE_LOADER = "$(TEST_HOST)";
				COMBINE_HIDPI_IMAGES = YES;
				FRAMEWORK_SEARCH_PATHS = (
					"$(DEVELOPER_FRAMEWORKS_DIR)",
					"$(inherited)",
				);
				INFOPLIST_FILE = CompletionTests/Info.plist;
				LD_RUNPATH_SEARCH_PATHS = "$(inherited) @executable_path/../Frameworks @loader_path/../Frameworks";
				PRODUCT_NAME = "$(TARGET_NAME)";
				TEST_HOST = "$(BUILT_PRODUCTS_DIR)/Completion.app/Contents/MacOS/Completion";
			};
			name = Release;
		};
/* End XCBuildConfiguration section */

/* Begin XCConfigurationList section */
		2A82427819EE8D52003E9206 /* Build configuration list for PBXProject "Completion" */ = {
			isa = XCConfigurationList;
			buildConfigurations = (
				2A82429819EE8D52003E9206 /* Debug */,
				2A82429919EE8D52003E9206 /* Release */,
			);
			defaultConfigurationIsVisible = 0;
			defaultConfigurationName = Release;
		};
		2A82429A19EE8D52003E9206 /* Build configuration list for PBXNativeTarget "Completion" */ = {
			isa = XCConfigurationList;
			buildConfigurations = (
				2A82429B19EE8D52003E9206 /* Debug */,
				2A82429C19EE8D52003E9206 /* Release */,
			);
			defaultConfigurationIsVisible = 0;
		};
		2A82429D19EE8D52003E9206 /* Build configuration list for PBXNativeTarget "CompletionTests" */ = {
			isa = XCConfigurationList;
			buildConfigurations = (
				2A82429E19EE8D52003E9206 /* Debug */,
				2A82429F19EE8D52003E9206 /* Release */,
			);
			defaultConfigurationIsVisible = 0;
		};
/* End XCConfigurationList section */
	};
	rootObject = 2A82427519EE8D52003E9206 /* Project object */;
}
